
Microsoft Visual Studio Solution File, Format Version 12.00
# Visual Studio Version 16
VisualStudioVersion = 16.0.29509.3
MinimumVisualStudioVersion = 10.0.40219.1
Project("{9A19103F-16F7-4668-BE54-9A1E7A4F7556}") = "MenthaAssembly.WPFComponent", "MenthaAssembly.WPFComponent.csproj", "{43F370C0-6321-4144-89E4-96E5AF49D418}"
EndProject
Project("{9A19103F-16F7-4668-BE54-9A1E7A4F7556}") = "MenthaAssembly", "..\..\MenthaAssembly\MenthaAssembly\MenthaAssembly.csproj", "{A6F25C6C-D093-434A-8970-AB732A6A7F4D}"
EndProject
Global
	GlobalSection(SolutionConfigurationPlatforms) = preSolution
		Debug|Any CPU = Debug|Any CPU
		Release|Any CPU = Release|Any CPU
	EndGlobalSection
	GlobalSection(ProjectConfigurationPlatforms) = postSolution
		{43F370C0-6321-4144-89E4-96E5AF49D418}.Debug|Any CPU.ActiveCfg = Debug|Any CPU
		{43F370C0-6321-4144-89E4-96E5AF49D418}.Debug|Any CPU.Build.0 = Debug|Any CPU
		{43F370C0-6321-4144-89E4-96E5AF49D418}.Release|Any CPU.ActiveCfg = Release|Any CPU
		{43F370C0-6321-4144-89E4-96E5AF49D418}.Release|Any CPU.Build.0 = Release|Any CPU
		{A6F25C6C-D093-434A-8970-AB732A6A7F4D}.Debug|Any CPU.ActiveCfg = Debug|Any CPU
		{A6F25C6C-D093-434A-8970-AB732A6A7F4D}.Debug|Any CPU.Build.0 = Debug|Any CPU
		{A6F25C6C-D093-434A-8970-AB732A6A7F4D}.Release|Any CPU.ActiveCfg = Release|Any CPU
		{A6F25C6C-D093-434A-8970-AB732A6A7F4D}.Release|Any CPU.Build.0 = Release|Any CPU
	EndGlobalSection
	GlobalSection(SolutionProperties) = preSolution
		HideSolutionNode = FALSE
	EndGlobalSection
	GlobalSection(ExtensibilityGlobals) = postSolution
		SolutionGuid = {EFC26D74-62B5-453D-B1A7-467CE5E8C5A1}
	EndGlobalSection
EndGlobal
