
Microsoft Visual Studio Solution File, Format Version 12.00
# Visual Studio Version 16
VisualStudioVersion = 16.0.29209.62
MinimumVisualStudioVersion = 10.0.40219.1
Project("{FAE04EC0-301F-11D3-BF4B-00C04F79EFBC}") = "MenthaAssembly.WPFComponent", "MenthaAssembly.WPFComponent.csproj", "{FC6E2D02-C45C-44FF-B07E-EC737CED792B}"
EndProject
Global
	GlobalSection(SolutionConfigurationPlatforms) = preSolution
		Debug|Any CPU = Debug|Any CPU
		Release|Any CPU = Release|Any CPU
	EndGlobalSection
	GlobalSection(ProjectConfigurationPlatforms) = postSolution
		{FC6E2D02-C45C-44FF-B07E-EC737CED792B}.Debug|Any CPU.ActiveCfg = Debug|Any CPU
		{FC6E2D02-C45C-44FF-B07E-EC737CED792B}.Debug|Any CPU.Build.0 = Debug|Any CPU
		{FC6E2D02-C45C-44FF-B07E-EC737CED792B}.Release|Any CPU.ActiveCfg = Release|Any CPU
		{FC6E2D02-C45C-44FF-B07E-EC737CED792B}.Release|Any CPU.Build.0 = Release|Any CPU
	EndGlobalSection
	GlobalSection(SolutionProperties) = preSolution
		HideSolutionNode = FALSE
	EndGlobalSection
	GlobalSection(ExtensibilityGlobals) = postSolution
		SolutionGuid = {2D90C063-BC2B-4C6E-849F-27DEFAC9D591}
	EndGlobalSection
EndGlobal
